
Microsoft Visual Studio Solution File, Format Version 12.00
# Visual Studio 15
VisualStudioVersion = 15.0.28010.2026
MinimumVisualStudioVersion = 10.0.40219.1
Project("{8BC9CEB8-8B4A-11D0-8D11-00A0C91BC942}") = "Lab_1", "Lab_1\Lab_1.vcxproj", "{F6DD0627-AC5A-4F75-B5C2-524F6C8D8236}"
EndProject
Project("{8BC9CEB8-8B4A-11D0-8D11-00A0C91BC942}") = "Lab_2", "Lab_2\Lab_2.vcxproj", "{AEFCCC63-9C0C-4CE5-95F8-1788D5BA1504}"
EndProject
Project("{8BC9CEB8-8B4A-11D0-8D11-00A0C91BC942}") = "Lab_3+4", "Lab_3+4\Lab_3+4.vcxproj", "{B0A0D353-458E-4BBF-87FA-4CE086567983}"
EndProject
Project("{8BC9CEB8-8B4A-11D0-8D11-00A0C91BC942}") = "Lab_5", "Lab_5\Lab_5.vcxproj", "{0CAC9484-21C9-49A4-904C-CDCF97F85119}"
EndProject
Project("{8BC9CEB8-8B4A-11D0-8D11-00A0C91BC942}") = "Lab_6", "Lab_6\Lab_6.vcxproj", "{A5A5F1C3-16B5-4548-9E52-5F131B612D59}"
EndProject
Project("{8BC9CEB8-8B4A-11D0-8D11-00A0C91BC942}") = "Lab_8", "Lab_8\Lab_8.vcxproj", "{45DC94D7-6351-4ECD-85D4-CD1348939F34}"
EndProject
Project("{8BC9CEB8-8B4A-11D0-8D11-00A0C91BC942}") = "Lab_7", "Lab_7\Lab_7.vcxproj", "{D8E83247-4D77-4F42-B825-22BB044A6746}"
EndProject
Project("{8BC9CEB8-8B4A-11D0-8D11-00A0C91BC942}") = "Lab_9", "Lab_9\Lab_9.vcxproj", "{BE343C37-CBB3-4C07-9A4A-6A738A0EC8AB}"
EndProject
Project("{8BC9CEB8-8B4A-11D0-8D11-00A0C91BC942}") = "Lab_10", "Lab_10\Lab_10.vcxproj", "{4DE109C4-4874-4528-B935-9AE327BA2607}"
EndProject
Project("{8BC9CEB8-8B4A-11D0-8D11-00A0C91BC942}") = "Lab_10_static", "Lab_10_static\Lab_10_static.vcxproj", "{6E2BB20A-AC7A-4B26-9C27-2E0E81307BA8}"
EndProject
Project("{8BC9CEB8-8B4A-11D0-8D11-00A0C91BC942}") = "Lab_12", "Lab_12\Lab_12.vcxproj", "{668782C7-B994-4A32-92B0-BAEF208A01EA}"
EndProject
Project("{8BC9CEB8-8B4A-11D0-8D11-00A0C91BC942}") = "Lab_13", "Lab_13\Lab_13.vcxproj", "{01585877-862A-464A-8AD3-AADD62DDC015}"
EndProject
Project("{8BC9CEB8-8B4A-11D0-8D11-00A0C91BC942}") = "Lab_11", "Lab_11\Lab_11.vcxproj", "{E9875C84-9C5E-4456-93C9-BE6A00DEFB80}"
EndProject
Project("{8BC9CEB8-8B4A-11D0-8D11-00A0C91BC942}") = "Lab_14", "Lab_14\Lab_14.vcxproj", "{FBFCE594-5528-4DA8-B489-6DF4890D136B}"
EndProject
Global
	GlobalSection(SolutionConfigurationPlatforms) = preSolution
		Debug|x64 = Debug|x64
		Debug|x86 = Debug|x86
		Release|x64 = Release|x64
		Release|x86 = Release|x86
	EndGlobalSection
	GlobalSection(ProjectConfigurationPlatforms) = postSolution
		{F6DD0627-AC5A-4F75-B5C2-524F6C8D8236}.Debug|x64.ActiveCfg = Debug|x64
		{F6DD0627-AC5A-4F75-B5C2-524F6C8D8236}.Debug|x64.Build.0 = Debug|x64
		{F6DD0627-AC5A-4F75-B5C2-524F6C8D8236}.Debug|x86.ActiveCfg = Debug|Win32
		{F6DD0627-AC5A-4F75-B5C2-524F6C8D8236}.Debug|x86.Build.0 = Debug|Win32
		{F6DD0627-AC5A-4F75-B5C2-524F6C8D8236}.Release|x64.ActiveCfg = Release|x64
		{F6DD0627-AC5A-4F75-B5C2-524F6C8D8236}.Release|x64.Build.0 = Release|x64
		{F6DD0627-AC5A-4F75-B5C2-524F6C8D8236}.Release|x86.ActiveCfg = Release|Win32
		{F6DD0627-AC5A-4F75-B5C2-524F6C8D8236}.Release|x86.Build.0 = Release|Win32
		{AEFCCC63-9C0C-4CE5-95F8-1788D5BA1504}.Debug|x64.ActiveCfg = Debug|x64
		{AEFCCC63-9C0C-4CE5-95F8-1788D5BA1504}.Debug|x64.Build.0 = Debug|x64
		{AEFCCC63-9C0C-4CE5-95F8-1788D5BA1504}.Debug|x86.ActiveCfg = Debug|Win32
		{AEFCCC63-9C0C-4CE5-95F8-1788D5BA1504}.Debug|x86.Build.0 = Debug|Win32
		{AEFCCC63-9C0C-4CE5-95F8-1788D5BA1504}.Release|x64.ActiveCfg = Release|x64
		{AEFCCC63-9C0C-4CE5-95F8-1788D5BA1504}.Release|x64.Build.0 = Release|x64
		{AEFCCC63-9C0C-4CE5-95F8-1788D5BA1504}.Release|x86.ActiveCfg = Release|Win32
		{AEFCCC63-9C0C-4CE5-95F8-1788D5BA1504}.Release|x86.Build.0 = Release|Win32
		{B0A0D353-458E-4BBF-87FA-4CE086567983}.Debug|x64.ActiveCfg = Debug|x64
		{B0A0D353-458E-4BBF-87FA-4CE086567983}.Debug|x64.Build.0 = Debug|x64
		{B0A0D353-458E-4BBF-87FA-4CE086567983}.Debug|x86.ActiveCfg = Debug|Win32
		{B0A0D353-458E-4BBF-87FA-4CE086567983}.Debug|x86.Build.0 = Debug|Win32
		{B0A0D353-458E-4BBF-87FA-4CE086567983}.Release|x64.ActiveCfg = Release|x64
		{B0A0D353-458E-4BBF-87FA-4CE086567983}.Release|x64.Build.0 = Release|x64
		{B0A0D353-458E-4BBF-87FA-4CE086567983}.Release|x86.ActiveCfg = Release|Win32
		{B0A0D353-458E-4BBF-87FA-4CE086567983}.Release|x86.Build.0 = Release|Win32
		{0CAC9484-21C9-49A4-904C-CDCF97F85119}.Debug|x64.ActiveCfg = Debug|x64
		{0CAC9484-21C9-49A4-904C-CDCF97F85119}.Debug|x64.Build.0 = Debug|x64
		{0CAC9484-21C9-49A4-904C-CDCF97F85119}.Debug|x86.ActiveCfg = Debug|Win32
		{0CAC9484-21C9-49A4-904C-CDCF97F85119}.Debug|x86.Build.0 = Debug|Win32
		{0CAC9484-21C9-49A4-904C-CDCF97F85119}.Release|x64.ActiveCfg = Release|x64
		{0CAC9484-21C9-49A4-904C-CDCF97F85119}.Release|x64.Build.0 = Release|x64
		{0CAC9484-21C9-49A4-904C-CDCF97F85119}.Release|x86.ActiveCfg = Release|Win32
		{0CAC9484-21C9-49A4-904C-CDCF97F85119}.Release|x86.Build.0 = Release|Win32
		{A5A5F1C3-16B5-4548-9E52-5F131B612D59}.Debug|x64.ActiveCfg = Debug|x64
		{A5A5F1C3-16B5-4548-9E52-5F131B612D59}.Debug|x64.Build.0 = Debug|x64
		{A5A5F1C3-16B5-4548-9E52-5F131B612D59}.Debug|x86.ActiveCfg = Debug|Win32
		{A5A5F1C3-16B5-4548-9E52-5F131B612D59}.Debug|x86.Build.0 = Debug|Win32
		{A5A5F1C3-16B5-4548-9E52-5F131B612D59}.Release|x64.ActiveCfg = Release|x64
		{A5A5F1C3-16B5-4548-9E52-5F131B612D59}.Release|x64.Build.0 = Release|x64
		{A5A5F1C3-16B5-4548-9E52-5F131B612D59}.Release|x86.ActiveCfg = Release|Win32
		{A5A5F1C3-16B5-4548-9E52-5F131B612D59}.Release|x86.Build.0 = Release|Win32
		{45DC94D7-6351-4ECD-85D4-CD1348939F34}.Debug|x64.ActiveCfg = Debug|x64
		{45DC94D7-6351-4ECD-85D4-CD1348939F34}.Debug|x64.Build.0 = Debug|x64
		{45DC94D7-6351-4ECD-85D4-CD1348939F34}.Debug|x86.ActiveCfg = Debug|Win32
		{45DC94D7-6351-4ECD-85D4-CD1348939F34}.Debug|x86.Build.0 = Debug|Win32
		{45DC94D7-6351-4ECD-85D4-CD1348939F34}.Release|x64.ActiveCfg = Release|x64
		{45DC94D7-6351-4ECD-85D4-CD1348939F34}.Release|x64.Build.0 = Release|x64
		{45DC94D7-6351-4ECD-85D4-CD1348939F34}.Release|x86.ActiveCfg = Release|Win32
		{45DC94D7-6351-4ECD-85D4-CD1348939F34}.Release|x86.Build.0 = Release|Win32
		{D8E83247-4D77-4F42-B825-22BB044A6746}.Debug|x64.ActiveCfg = Debug|x64
		{D8E83247-4D77-4F42-B825-22BB044A6746}.Debug|x64.Build.0 = Debug|x64
		{D8E83247-4D77-4F42-B825-22BB044A6746}.Debug|x86.ActiveCfg = Debug|Win32
		{D8E83247-4D77-4F42-B825-22BB044A6746}.Debug|x86.Build.0 = Debug|Win32
		{D8E83247-4D77-4F42-B825-22BB044A6746}.Release|x64.ActiveCfg = Release|x64
		{D8E83247-4D77-4F42-B825-22BB044A6746}.Release|x64.Build.0 = Release|x64
		{D8E83247-4D77-4F42-B825-22BB044A6746}.Release|x86.ActiveCfg = Release|Win32
		{D8E83247-4D77-4F42-B825-22BB044A6746}.Release|x86.Build.0 = Release|Win32
		{BE343C37-CBB3-4C07-9A4A-6A738A0EC8AB}.Debug|x64.ActiveCfg = Debug|x64
		{BE343C37-CBB3-4C07-9A4A-6A738A0EC8AB}.Debug|x64.Build.0 = Debug|x64
		{BE343C37-CBB3-4C07-9A4A-6A738A0EC8AB}.Debug|x86.ActiveCfg = Debug|Win32
		{BE343C37-CBB3-4C07-9A4A-6A738A0EC8AB}.Debug|x86.Build.0 = Debug|Win32
		{BE343C37-CBB3-4C07-9A4A-6A738A0EC8AB}.Release|x64.ActiveCfg = Release|x64
		{BE343C37-CBB3-4C07-9A4A-6A738A0EC8AB}.Release|x64.Build.0 = Release|x64
		{BE343C37-CBB3-4C07-9A4A-6A738A0EC8AB}.Release|x86.ActiveCfg = Release|Win32
		{BE343C37-CBB3-4C07-9A4A-6A738A0EC8AB}.Release|x86.Build.0 = Release|Win32
		{4DE109C4-4874-4528-B935-9AE327BA2607}.Debug|x64.ActiveCfg = Debug|x64
		{4DE109C4-4874-4528-B935-9AE327BA2607}.Debug|x64.Build.0 = Debug|x64
		{4DE109C4-4874-4528-B935-9AE327BA2607}.Debug|x86.ActiveCfg = Debug|Win32
		{4DE109C4-4874-4528-B935-9AE327BA2607}.Debug|x86.Build.0 = Debug|Win32
		{4DE109C4-4874-4528-B935-9AE327BA2607}.Release|x64.ActiveCfg = Release|x64
		{4DE109C4-4874-4528-B935-9AE327BA2607}.Release|x64.Build.0 = Release|x64
		{4DE109C4-4874-4528-B935-9AE327BA2607}.Release|x86.ActiveCfg = Release|Win32
		{4DE109C4-4874-4528-B935-9AE327BA2607}.Release|x86.Build.0 = Release|Win32
		{6E2BB20A-AC7A-4B26-9C27-2E0E81307BA8}.Debug|x64.ActiveCfg = Debug|x64
		{6E2BB20A-AC7A-4B26-9C27-2E0E81307BA8}.Debug|x64.Build.0 = Debug|x64
		{6E2BB20A-AC7A-4B26-9C27-2E0E81307BA8}.Debug|x86.ActiveCfg = Debug|Win32
		{6E2BB20A-AC7A-4B26-9C27-2E0E81307BA8}.Debug|x86.Build.0 = Debug|Win32
		{6E2BB20A-AC7A-4B26-9C27-2E0E81307BA8}.Release|x64.ActiveCfg = Release|x64
		{6E2BB20A-AC7A-4B26-9C27-2E0E81307BA8}.Release|x64.Build.0 = Release|x64
		{6E2BB20A-AC7A-4B26-9C27-2E0E81307BA8}.Release|x86.ActiveCfg = Release|Win32
		{6E2BB20A-AC7A-4B26-9C27-2E0E81307BA8}.Release|x86.Build.0 = Release|Win32
		{668782C7-B994-4A32-92B0-BAEF208A01EA}.Debug|x64.ActiveCfg = Debug|x64
		{668782C7-B994-4A32-92B0-BAEF208A01EA}.Debug|x64.Build.0 = Debug|x64
		{668782C7-B994-4A32-92B0-BAEF208A01EA}.Debug|x86.ActiveCfg = Debug|Win32
		{668782C7-B994-4A32-92B0-BAEF208A01EA}.Debug|x86.Build.0 = Debug|Win32
		{668782C7-B994-4A32-92B0-BAEF208A01EA}.Release|x64.ActiveCfg = Release|x64
		{668782C7-B994-4A32-92B0-BAEF208A01EA}.Release|x64.Build.0 = Release|x64
		{668782C7-B994-4A32-92B0-BAEF208A01EA}.Release|x86.ActiveCfg = Release|Win32
		{668782C7-B994-4A32-92B0-BAEF208A01EA}.Release|x86.Build.0 = Release|Win32
		{01585877-862A-464A-8AD3-AADD62DDC015}.Debug|x64.ActiveCfg = Debug|x64
		{01585877-862A-464A-8AD3-AADD62DDC015}.Debug|x64.Build.0 = Debug|x64
		{01585877-862A-464A-8AD3-AADD62DDC015}.Debug|x86.ActiveCfg = Debug|Win32
		{01585877-862A-464A-8AD3-AADD62DDC015}.Debug|x86.Build.0 = Debug|Win32
		{01585877-862A-464A-8AD3-AADD62DDC015}.Release|x64.ActiveCfg = Release|x64
		{01585877-862A-464A-8AD3-AADD62DDC015}.Release|x64.Build.0 = Release|x64
		{01585877-862A-464A-8AD3-AADD62DDC015}.Release|x86.ActiveCfg = Release|Win32
		{01585877-862A-464A-8AD3-AADD62DDC015}.Release|x86.Build.0 = Release|Win32
		{E9875C84-9C5E-4456-93C9-BE6A00DEFB80}.Debug|x64.ActiveCfg = Debug|x64
		{E9875C84-9C5E-4456-93C9-BE6A00DEFB80}.Debug|x64.Build.0 = Debug|x64
		{E9875C84-9C5E-4456-93C9-BE6A00DEFB80}.Debug|x86.ActiveCfg = Debug|Win32
		{E9875C84-9C5E-4456-93C9-BE6A00DEFB80}.Debug|x86.Build.0 = Debug|Win32
		{E9875C84-9C5E-4456-93C9-BE6A00DEFB80}.Release|x64.ActiveCfg = Release|x64
		{E9875C84-9C5E-4456-93C9-BE6A00DEFB80}.Release|x64.Build.0 = Release|x64
		{E9875C84-9C5E-4456-93C9-BE6A00DEFB80}.Release|x86.ActiveCfg = Release|Win32
		{E9875C84-9C5E-4456-93C9-BE6A00DEFB80}.Release|x86.Build.0 = Release|Win32
		{FBFCE594-5528-4DA8-B489-6DF4890D136B}.Debug|x64.ActiveCfg = Debug|x64
		{FBFCE594-5528-4DA8-B489-6DF4890D136B}.Debug|x64.Build.0 = Debug|x64
		{FBFCE594-5528-4DA8-B489-6DF4890D136B}.Debug|x86.ActiveCfg = Debug|Win32
		{FBFCE594-5528-4DA8-B489-6DF4890D136B}.Debug|x86.Build.0 = Debug|Win32
		{FBFCE594-5528-4DA8-B489-6DF4890D136B}.Release|x64.ActiveCfg = Release|x64
		{FBFCE594-5528-4DA8-B489-6DF4890D136B}.Release|x64.Build.0 = Release|x64
		{FBFCE594-5528-4DA8-B489-6DF4890D136B}.Release|x86.ActiveCfg = Release|Win32
		{FBFCE594-5528-4DA8-B489-6DF4890D136B}.Release|x86.Build.0 = Release|Win32
	EndGlobalSection
	GlobalSection(SolutionProperties) = preSolution
		HideSolutionNode = FALSE
	EndGlobalSection
	GlobalSection(ExtensibilityGlobals) = postSolution
		SolutionGuid = {DBB30E54-BE0A-4C38-86D9-F64D6C607F5F}
	EndGlobalSection
EndGlobal
