
Microsoft Visual Studio Solution File, Format Version 12.00
# Visual Studio 15
VisualStudioVersion = 15.0.26730.12
MinimumVisualStudioVersion = 10.0.40219.1
Project("{8BC9CEB8-8B4A-11D0-8D11-00A0C91BC942}") = "Lab_1", "Lab_1\Lab_1.vcxproj", "{F6DD0627-AC5A-4F75-B5C2-524F6C8D8236}"
EndProject
Project("{8BC9CEB8-8B4A-11D0-8D11-00A0C91BC942}") = "Lab_2", "Lab_2\Lab_2.vcxproj", "{AEFCCC63-9C0C-4CE5-95F8-1788D5BA1504}"
EndProject
Project("{8BC9CEB8-8B4A-11D0-8D11-00A0C91BC942}") = "Lab_3+4", "Lab_3+4\Lab_3+4.vcxproj", "{B0A0D353-458E-4BBF-87FA-4CE086567983}"
EndProject
Project("{8BC9CEB8-8B4A-11D0-8D11-00A0C91BC942}") = "Lab_5", "Lab_5\Lab_5.vcxproj", "{0CAC9484-21C9-49A4-904C-CDCF97F85119}"
EndProject
Project("{8BC9CEB8-8B4A-11D0-8D11-00A0C91BC942}") = "Lab_6", "Lab_6\Lab_6.vcxproj", "{A5A5F1C3-16B5-4548-9E52-5F131B612D59}"
EndProject
Project("{8BC9CEB8-8B4A-11D0-8D11-00A0C91BC942}") = "Lab_8", "Lab_8\Lab_8.vcxproj", "{45DC94D7-6351-4ECD-85D4-CD1348939F34}"
EndProject
Project("{8BC9CEB8-8B4A-11D0-8D11-00A0C91BC942}") = "Lab_7", "Lab_7\Lab_7.vcxproj", "{D8E83247-4D77-4F42-B825-22BB044A6746}"
EndProject
Project("{8BC9CEB8-8B4A-11D0-8D11-00A0C91BC942}") = "Lab_9", "Lab_9\Lab_9.vcxproj", "{BE343C37-CBB3-4C07-9A4A-6A738A0EC8AB}"
EndProject
Project("{8BC9CEB8-8B4A-11D0-8D11-00A0C91BC942}") = "Lab_10", "Lab_10\Lab_10.vcxproj", "{4DE109C4-4874-4528-B935-9AE327BA2607}"
EndProject
Project("{8BC9CEB8-8B4A-11D0-8D11-00A0C91BC942}") = "Lab_10_static", "Lab_10_static\Lab_10_static.vcxproj", "{6E2BB20A-AC7A-4B26-9C27-2E0E81307BA8}"
EndProject
Project("{8BC9CEB8-8B4A-11D0-8D11-00A0C91BC942}") = "Lab_12", "Lab_12\Lab_12.vcxproj", "{668782C7-B994-4A32-92B0-BAEF208A01EA}"
EndProject
Project("{8BC9CEB8-8B4A-11D0-8D11-00A0C91BC942}") = "Lab_13", "Lab_13\Lab_13.vcxproj", "{01585877-862A-464A-8AD3-AADD62DDC015}"
EndProject
Project("{8BC9CEB8-8B4A-11D0-8D11-00A0C91BC942}") = "Lab_14", "Lab_14\Lab_14.vcxproj", "{FBFCE594-5528-4DA8-B489-6DF4890D136B}"
EndProject
Project("{8BC9CEB8-8B4A-11D0-8D11-00A0C91BC942}") = "exam_beta", "exam_beta\exam_beta.vcxproj", "{DEA539A9-6A90-42B1-853D-7A658794B5CB}"
EndProject
Project("{8BC9CEB8-8B4A-11D0-8D11-00A0C91BC942}") = "Lab_11explicit", "Lab_11explicit\Lab_11explicit.vcxproj", "{738924CF-23C7-42B0-AACA-B063E40176BC}"
EndProject
Project("{8BC9CEB8-8B4A-11D0-8D11-00A0C91BC942}") = "Lab_11dll", "Lab_11dll\Lab_11dll.vcxproj", "{84661E17-FD1F-491B-BDB7-537BE495AAFB}"
EndProject
Project("{8BC9CEB8-8B4A-11D0-8D11-00A0C91BC942}") = "Lab_11implicit", "Lab_11implicit\Lab_11implicit.vcxproj", "{D7479BA9-83EC-4F08-9293-55DAD8A8744A}"
EndProject
Project("{8BC9CEB8-8B4A-11D0-8D11-00A0C91BC942}") = "Lab_15", "Lab_15\Lab_15.vcxproj", "{3E9F371C-D1BC-45B2-88B3-1874D32F37B7}"
EndProject
Project("{8BC9CEB8-8B4A-11D0-8D11-00A0C91BC942}") = "Lab_16", "Lab_16\Lab_16.vcxproj", "{838560EC-8954-4DDF-AA74-F43A8C8912BC}"
EndProject
Project("{8BC9CEB8-8B4A-11D0-8D11-00A0C91BC942}") = "Lab_14.2", "Lab_14.2\Lab_14.2.vcxproj", "{3B3CD6CC-CF9B-4A5B-8848-C0EE3AB6D324}"
EndProject
Project("{8BC9CEB8-8B4A-11D0-8D11-00A0C91BC942}") = "Lab_14.3", "Lab_14.3\Lab_14.3.vcxproj", "{35D37817-D7FB-4960-B267-B394545DA3A8}"
EndProject
Project("{8BC9CEB8-8B4A-11D0-8D11-00A0C91BC942}") = "Lab_14.6", "Lab_14.6\Lab_14.6.vcxproj", "{743C3360-5F81-4ADC-8289-376FC5C592CD}"
EndProject
Project("{8BC9CEB8-8B4A-11D0-8D11-00A0C91BC942}") = "Lab_14.4", "Lab_14.4\Lab_14.4.vcxproj", "{781E6797-BFD3-4397-9A73-60BEA03E6BF2}"
EndProject
Project("{8BC9CEB8-8B4A-11D0-8D11-00A0C91BC942}") = "Lab_14.5", "Lab_14.5\Lab_14.5.vcxproj", "{D67DE029-CD9F-41CB-BD85-AB85BAA7DADF}"
EndProject
Project("{8BC9CEB8-8B4A-11D0-8D11-00A0C91BC942}") = "Answers", "Answers\Answers.vcxproj", "{65472A28-4388-44C5-9F16-F3DA5E362201}"
EndProject
Global
	GlobalSection(SolutionConfigurationPlatforms) = preSolution
		Debug|x64 = Debug|x64
		Debug|x86 = Debug|x86
		Release|x64 = Release|x64
		Release|x86 = Release|x86
	EndGlobalSection
	GlobalSection(ProjectConfigurationPlatforms) = postSolution
		{F6DD0627-AC5A-4F75-B5C2-524F6C8D8236}.Debug|x64.ActiveCfg = Debug|x64
		{F6DD0627-AC5A-4F75-B5C2-524F6C8D8236}.Debug|x64.Build.0 = Debug|x64
		{F6DD0627-AC5A-4F75-B5C2-524F6C8D8236}.Debug|x86.ActiveCfg = Debug|Win32
		{F6DD0627-AC5A-4F75-B5C2-524F6C8D8236}.Debug|x86.Build.0 = Debug|Win32
		{F6DD0627-AC5A-4F75-B5C2-524F6C8D8236}.Release|x64.ActiveCfg = Release|x64
		{F6DD0627-AC5A-4F75-B5C2-524F6C8D8236}.Release|x64.Build.0 = Release|x64
		{F6DD0627-AC5A-4F75-B5C2-524F6C8D8236}.Release|x86.ActiveCfg = Release|Win32
		{F6DD0627-AC5A-4F75-B5C2-524F6C8D8236}.Release|x86.Build.0 = Release|Win32
		{AEFCCC63-9C0C-4CE5-95F8-1788D5BA1504}.Debug|x64.ActiveCfg = Debug|x64
		{AEFCCC63-9C0C-4CE5-95F8-1788D5BA1504}.Debug|x64.Build.0 = Debug|x64
		{AEFCCC63-9C0C-4CE5-95F8-1788D5BA1504}.Debug|x86.ActiveCfg = Debug|Win32
		{AEFCCC63-9C0C-4CE5-95F8-1788D5BA1504}.Debug|x86.Build.0 = Debug|Win32
		{AEFCCC63-9C0C-4CE5-95F8-1788D5BA1504}.Release|x64.ActiveCfg = Release|x64
		{AEFCCC63-9C0C-4CE5-95F8-1788D5BA1504}.Release|x64.Build.0 = Release|x64
		{AEFCCC63-9C0C-4CE5-95F8-1788D5BA1504}.Release|x86.ActiveCfg = Release|Win32
		{AEFCCC63-9C0C-4CE5-95F8-1788D5BA1504}.Release|x86.Build.0 = Release|Win32
		{B0A0D353-458E-4BBF-87FA-4CE086567983}.Debug|x64.ActiveCfg = Debug|x64
		{B0A0D353-458E-4BBF-87FA-4CE086567983}.Debug|x64.Build.0 = Debug|x64
		{B0A0D353-458E-4BBF-87FA-4CE086567983}.Debug|x86.ActiveCfg = Debug|Win32
		{B0A0D353-458E-4BBF-87FA-4CE086567983}.Debug|x86.Build.0 = Debug|Win32
		{B0A0D353-458E-4BBF-87FA-4CE086567983}.Release|x64.ActiveCfg = Release|x64
		{B0A0D353-458E-4BBF-87FA-4CE086567983}.Release|x64.Build.0 = Release|x64
		{B0A0D353-458E-4BBF-87FA-4CE086567983}.Release|x86.ActiveCfg = Release|Win32
		{B0A0D353-458E-4BBF-87FA-4CE086567983}.Release|x86.Build.0 = Release|Win32
		{0CAC9484-21C9-49A4-904C-CDCF97F85119}.Debug|x64.ActiveCfg = Debug|x64
		{0CAC9484-21C9-49A4-904C-CDCF97F85119}.Debug|x64.Build.0 = Debug|x64
		{0CAC9484-21C9-49A4-904C-CDCF97F85119}.Debug|x86.ActiveCfg = Debug|Win32
		{0CAC9484-21C9-49A4-904C-CDCF97F85119}.Debug|x86.Build.0 = Debug|Win32
		{0CAC9484-21C9-49A4-904C-CDCF97F85119}.Release|x64.ActiveCfg = Release|x64
		{0CAC9484-21C9-49A4-904C-CDCF97F85119}.Release|x64.Build.0 = Release|x64
		{0CAC9484-21C9-49A4-904C-CDCF97F85119}.Release|x86.ActiveCfg = Release|Win32
		{0CAC9484-21C9-49A4-904C-CDCF97F85119}.Release|x86.Build.0 = Release|Win32
		{A5A5F1C3-16B5-4548-9E52-5F131B612D59}.Debug|x64.ActiveCfg = Debug|x64
		{A5A5F1C3-16B5-4548-9E52-5F131B612D59}.Debug|x64.Build.0 = Debug|x64
		{A5A5F1C3-16B5-4548-9E52-5F131B612D59}.Debug|x86.ActiveCfg = Debug|Win32
		{A5A5F1C3-16B5-4548-9E52-5F131B612D59}.Debug|x86.Build.0 = Debug|Win32
		{A5A5F1C3-16B5-4548-9E52-5F131B612D59}.Release|x64.ActiveCfg = Release|x64
		{A5A5F1C3-16B5-4548-9E52-5F131B612D59}.Release|x64.Build.0 = Release|x64
		{A5A5F1C3-16B5-4548-9E52-5F131B612D59}.Release|x86.ActiveCfg = Release|Win32
		{A5A5F1C3-16B5-4548-9E52-5F131B612D59}.Release|x86.Build.0 = Release|Win32
		{45DC94D7-6351-4ECD-85D4-CD1348939F34}.Debug|x64.ActiveCfg = Debug|x64
		{45DC94D7-6351-4ECD-85D4-CD1348939F34}.Debug|x64.Build.0 = Debug|x64
		{45DC94D7-6351-4ECD-85D4-CD1348939F34}.Debug|x86.ActiveCfg = Debug|Win32
		{45DC94D7-6351-4ECD-85D4-CD1348939F34}.Debug|x86.Build.0 = Debug|Win32
		{45DC94D7-6351-4ECD-85D4-CD1348939F34}.Release|x64.ActiveCfg = Release|x64
		{45DC94D7-6351-4ECD-85D4-CD1348939F34}.Release|x64.Build.0 = Release|x64
		{45DC94D7-6351-4ECD-85D4-CD1348939F34}.Release|x86.ActiveCfg = Release|Win32
		{45DC94D7-6351-4ECD-85D4-CD1348939F34}.Release|x86.Build.0 = Release|Win32
		{D8E83247-4D77-4F42-B825-22BB044A6746}.Debug|x64.ActiveCfg = Debug|x64
		{D8E83247-4D77-4F42-B825-22BB044A6746}.Debug|x64.Build.0 = Debug|x64
		{D8E83247-4D77-4F42-B825-22BB044A6746}.Debug|x86.ActiveCfg = Debug|Win32
		{D8E83247-4D77-4F42-B825-22BB044A6746}.Debug|x86.Build.0 = Debug|Win32
		{D8E83247-4D77-4F42-B825-22BB044A6746}.Release|x64.ActiveCfg = Release|x64
		{D8E83247-4D77-4F42-B825-22BB044A6746}.Release|x64.Build.0 = Release|x64
		{D8E83247-4D77-4F42-B825-22BB044A6746}.Release|x86.ActiveCfg = Release|Win32
		{D8E83247-4D77-4F42-B825-22BB044A6746}.Release|x86.Build.0 = Release|Win32
		{BE343C37-CBB3-4C07-9A4A-6A738A0EC8AB}.Debug|x64.ActiveCfg = Debug|x64
		{BE343C37-CBB3-4C07-9A4A-6A738A0EC8AB}.Debug|x64.Build.0 = Debug|x64
		{BE343C37-CBB3-4C07-9A4A-6A738A0EC8AB}.Debug|x86.ActiveCfg = Debug|Win32
		{BE343C37-CBB3-4C07-9A4A-6A738A0EC8AB}.Debug|x86.Build.0 = Debug|Win32
		{BE343C37-CBB3-4C07-9A4A-6A738A0EC8AB}.Release|x64.ActiveCfg = Release|x64
		{BE343C37-CBB3-4C07-9A4A-6A738A0EC8AB}.Release|x64.Build.0 = Release|x64
		{BE343C37-CBB3-4C07-9A4A-6A738A0EC8AB}.Release|x86.ActiveCfg = Release|Win32
		{BE343C37-CBB3-4C07-9A4A-6A738A0EC8AB}.Release|x86.Build.0 = Release|Win32
		{4DE109C4-4874-4528-B935-9AE327BA2607}.Debug|x64.ActiveCfg = Debug|x64
		{4DE109C4-4874-4528-B935-9AE327BA2607}.Debug|x64.Build.0 = Debug|x64
		{4DE109C4-4874-4528-B935-9AE327BA2607}.Debug|x86.ActiveCfg = Debug|Win32
		{4DE109C4-4874-4528-B935-9AE327BA2607}.Debug|x86.Build.0 = Debug|Win32
		{4DE109C4-4874-4528-B935-9AE327BA2607}.Release|x64.ActiveCfg = Release|x64
		{4DE109C4-4874-4528-B935-9AE327BA2607}.Release|x64.Build.0 = Release|x64
		{4DE109C4-4874-4528-B935-9AE327BA2607}.Release|x86.ActiveCfg = Release|Win32
		{4DE109C4-4874-4528-B935-9AE327BA2607}.Release|x86.Build.0 = Release|Win32
		{6E2BB20A-AC7A-4B26-9C27-2E0E81307BA8}.Debug|x64.ActiveCfg = Debug|x64
		{6E2BB20A-AC7A-4B26-9C27-2E0E81307BA8}.Debug|x64.Build.0 = Debug|x64
		{6E2BB20A-AC7A-4B26-9C27-2E0E81307BA8}.Debug|x86.ActiveCfg = Debug|Win32
		{6E2BB20A-AC7A-4B26-9C27-2E0E81307BA8}.Debug|x86.Build.0 = Debug|Win32
		{6E2BB20A-AC7A-4B26-9C27-2E0E81307BA8}.Release|x64.ActiveCfg = Release|x64
		{6E2BB20A-AC7A-4B26-9C27-2E0E81307BA8}.Release|x64.Build.0 = Release|x64
		{6E2BB20A-AC7A-4B26-9C27-2E0E81307BA8}.Release|x86.ActiveCfg = Release|Win32
		{6E2BB20A-AC7A-4B26-9C27-2E0E81307BA8}.Release|x86.Build.0 = Release|Win32
		{668782C7-B994-4A32-92B0-BAEF208A01EA}.Debug|x64.ActiveCfg = Debug|x64
		{668782C7-B994-4A32-92B0-BAEF208A01EA}.Debug|x64.Build.0 = Debug|x64
		{668782C7-B994-4A32-92B0-BAEF208A01EA}.Debug|x86.ActiveCfg = Debug|Win32
		{668782C7-B994-4A32-92B0-BAEF208A01EA}.Debug|x86.Build.0 = Debug|Win32
		{668782C7-B994-4A32-92B0-BAEF208A01EA}.Release|x64.ActiveCfg = Release|x64
		{668782C7-B994-4A32-92B0-BAEF208A01EA}.Release|x64.Build.0 = Release|x64
		{668782C7-B994-4A32-92B0-BAEF208A01EA}.Release|x86.ActiveCfg = Release|Win32
		{668782C7-B994-4A32-92B0-BAEF208A01EA}.Release|x86.Build.0 = Release|Win32
		{01585877-862A-464A-8AD3-AADD62DDC015}.Debug|x64.ActiveCfg = Debug|x64
		{01585877-862A-464A-8AD3-AADD62DDC015}.Debug|x64.Build.0 = Debug|x64
		{01585877-862A-464A-8AD3-AADD62DDC015}.Debug|x86.ActiveCfg = Debug|Win32
		{01585877-862A-464A-8AD3-AADD62DDC015}.Debug|x86.Build.0 = Debug|Win32
		{01585877-862A-464A-8AD3-AADD62DDC015}.Release|x64.ActiveCfg = Release|x64
		{01585877-862A-464A-8AD3-AADD62DDC015}.Release|x64.Build.0 = Release|x64
		{01585877-862A-464A-8AD3-AADD62DDC015}.Release|x86.ActiveCfg = Release|Win32
		{01585877-862A-464A-8AD3-AADD62DDC015}.Release|x86.Build.0 = Release|Win32
		{FBFCE594-5528-4DA8-B489-6DF4890D136B}.Debug|x64.ActiveCfg = Debug|x64
		{FBFCE594-5528-4DA8-B489-6DF4890D136B}.Debug|x64.Build.0 = Debug|x64
		{FBFCE594-5528-4DA8-B489-6DF4890D136B}.Debug|x86.ActiveCfg = Debug|Win32
		{FBFCE594-5528-4DA8-B489-6DF4890D136B}.Debug|x86.Build.0 = Debug|Win32
		{FBFCE594-5528-4DA8-B489-6DF4890D136B}.Release|x64.ActiveCfg = Release|x64
		{FBFCE594-5528-4DA8-B489-6DF4890D136B}.Release|x64.Build.0 = Release|x64
		{FBFCE594-5528-4DA8-B489-6DF4890D136B}.Release|x86.ActiveCfg = Release|Win32
		{FBFCE594-5528-4DA8-B489-6DF4890D136B}.Release|x86.Build.0 = Release|Win32
		{DEA539A9-6A90-42B1-853D-7A658794B5CB}.Debug|x64.ActiveCfg = Debug|x64
		{DEA539A9-6A90-42B1-853D-7A658794B5CB}.Debug|x64.Build.0 = Debug|x64
		{DEA539A9-6A90-42B1-853D-7A658794B5CB}.Debug|x86.ActiveCfg = Debug|Win32
		{DEA539A9-6A90-42B1-853D-7A658794B5CB}.Debug|x86.Build.0 = Debug|Win32
		{DEA539A9-6A90-42B1-853D-7A658794B5CB}.Release|x64.ActiveCfg = Release|x64
		{DEA539A9-6A90-42B1-853D-7A658794B5CB}.Release|x64.Build.0 = Release|x64
		{DEA539A9-6A90-42B1-853D-7A658794B5CB}.Release|x86.ActiveCfg = Release|Win32
		{DEA539A9-6A90-42B1-853D-7A658794B5CB}.Release|x86.Build.0 = Release|Win32
		{738924CF-23C7-42B0-AACA-B063E40176BC}.Debug|x64.ActiveCfg = Debug|x64
		{738924CF-23C7-42B0-AACA-B063E40176BC}.Debug|x64.Build.0 = Debug|x64
		{738924CF-23C7-42B0-AACA-B063E40176BC}.Debug|x86.ActiveCfg = Debug|Win32
		{738924CF-23C7-42B0-AACA-B063E40176BC}.Debug|x86.Build.0 = Debug|Win32
		{738924CF-23C7-42B0-AACA-B063E40176BC}.Release|x64.ActiveCfg = Release|x64
		{738924CF-23C7-42B0-AACA-B063E40176BC}.Release|x64.Build.0 = Release|x64
		{738924CF-23C7-42B0-AACA-B063E40176BC}.Release|x86.ActiveCfg = Release|Win32
		{738924CF-23C7-42B0-AACA-B063E40176BC}.Release|x86.Build.0 = Release|Win32
		{84661E17-FD1F-491B-BDB7-537BE495AAFB}.Debug|x64.ActiveCfg = Debug|x64
		{84661E17-FD1F-491B-BDB7-537BE495AAFB}.Debug|x64.Build.0 = Debug|x64
		{84661E17-FD1F-491B-BDB7-537BE495AAFB}.Debug|x86.ActiveCfg = Debug|Win32
		{84661E17-FD1F-491B-BDB7-537BE495AAFB}.Debug|x86.Build.0 = Debug|Win32
		{84661E17-FD1F-491B-BDB7-537BE495AAFB}.Release|x64.ActiveCfg = Release|x64
		{84661E17-FD1F-491B-BDB7-537BE495AAFB}.Release|x64.Build.0 = Release|x64
		{84661E17-FD1F-491B-BDB7-537BE495AAFB}.Release|x86.ActiveCfg = Release|Win32
		{84661E17-FD1F-491B-BDB7-537BE495AAFB}.Release|x86.Build.0 = Release|Win32
		{D7479BA9-83EC-4F08-9293-55DAD8A8744A}.Debug|x64.ActiveCfg = Debug|x64
		{D7479BA9-83EC-4F08-9293-55DAD8A8744A}.Debug|x64.Build.0 = Debug|x64
		{D7479BA9-83EC-4F08-9293-55DAD8A8744A}.Debug|x86.ActiveCfg = Debug|Win32
		{D7479BA9-83EC-4F08-9293-55DAD8A8744A}.Debug|x86.Build.0 = Debug|Win32
		{D7479BA9-83EC-4F08-9293-55DAD8A8744A}.Release|x64.ActiveCfg = Release|x64
		{D7479BA9-83EC-4F08-9293-55DAD8A8744A}.Release|x64.Build.0 = Release|x64
		{D7479BA9-83EC-4F08-9293-55DAD8A8744A}.Release|x86.ActiveCfg = Release|Win32
		{D7479BA9-83EC-4F08-9293-55DAD8A8744A}.Release|x86.Build.0 = Release|Win32
		{3E9F371C-D1BC-45B2-88B3-1874D32F37B7}.Debug|x64.ActiveCfg = Debug|x64
		{3E9F371C-D1BC-45B2-88B3-1874D32F37B7}.Debug|x64.Build.0 = Debug|x64
		{3E9F371C-D1BC-45B2-88B3-1874D32F37B7}.Debug|x86.ActiveCfg = Debug|Win32
		{3E9F371C-D1BC-45B2-88B3-1874D32F37B7}.Debug|x86.Build.0 = Debug|Win32
		{3E9F371C-D1BC-45B2-88B3-1874D32F37B7}.Release|x64.ActiveCfg = Release|x64
		{3E9F371C-D1BC-45B2-88B3-1874D32F37B7}.Release|x64.Build.0 = Release|x64
		{3E9F371C-D1BC-45B2-88B3-1874D32F37B7}.Release|x86.ActiveCfg = Release|Win32
		{3E9F371C-D1BC-45B2-88B3-1874D32F37B7}.Release|x86.Build.0 = Release|Win32
		{838560EC-8954-4DDF-AA74-F43A8C8912BC}.Debug|x64.ActiveCfg = Debug|x64
		{838560EC-8954-4DDF-AA74-F43A8C8912BC}.Debug|x64.Build.0 = Debug|x64
		{838560EC-8954-4DDF-AA74-F43A8C8912BC}.Debug|x86.ActiveCfg = Debug|Win32
		{838560EC-8954-4DDF-AA74-F43A8C8912BC}.Debug|x86.Build.0 = Debug|Win32
		{838560EC-8954-4DDF-AA74-F43A8C8912BC}.Release|x64.ActiveCfg = Release|x64
		{838560EC-8954-4DDF-AA74-F43A8C8912BC}.Release|x64.Build.0 = Release|x64
		{838560EC-8954-4DDF-AA74-F43A8C8912BC}.Release|x86.ActiveCfg = Release|Win32
		{838560EC-8954-4DDF-AA74-F43A8C8912BC}.Release|x86.Build.0 = Release|Win32
		{3B3CD6CC-CF9B-4A5B-8848-C0EE3AB6D324}.Debug|x64.ActiveCfg = Debug|x64
		{3B3CD6CC-CF9B-4A5B-8848-C0EE3AB6D324}.Debug|x64.Build.0 = Debug|x64
		{3B3CD6CC-CF9B-4A5B-8848-C0EE3AB6D324}.Debug|x86.ActiveCfg = Debug|Win32
		{3B3CD6CC-CF9B-4A5B-8848-C0EE3AB6D324}.Debug|x86.Build.0 = Debug|Win32
		{3B3CD6CC-CF9B-4A5B-8848-C0EE3AB6D324}.Release|x64.ActiveCfg = Release|x64
		{3B3CD6CC-CF9B-4A5B-8848-C0EE3AB6D324}.Release|x64.Build.0 = Release|x64
		{3B3CD6CC-CF9B-4A5B-8848-C0EE3AB6D324}.Release|x86.ActiveCfg = Release|Win32
		{3B3CD6CC-CF9B-4A5B-8848-C0EE3AB6D324}.Release|x86.Build.0 = Release|Win32
		{35D37817-D7FB-4960-B267-B394545DA3A8}.Debug|x64.ActiveCfg = Debug|x64
		{35D37817-D7FB-4960-B267-B394545DA3A8}.Debug|x64.Build.0 = Debug|x64
		{35D37817-D7FB-4960-B267-B394545DA3A8}.Debug|x86.ActiveCfg = Debug|Win32
		{35D37817-D7FB-4960-B267-B394545DA3A8}.Debug|x86.Build.0 = Debug|Win32
		{35D37817-D7FB-4960-B267-B394545DA3A8}.Release|x64.ActiveCfg = Release|x64
		{35D37817-D7FB-4960-B267-B394545DA3A8}.Release|x64.Build.0 = Release|x64
		{35D37817-D7FB-4960-B267-B394545DA3A8}.Release|x86.ActiveCfg = Release|Win32
		{35D37817-D7FB-4960-B267-B394545DA3A8}.Release|x86.Build.0 = Release|Win32
		{743C3360-5F81-4ADC-8289-376FC5C592CD}.Debug|x64.ActiveCfg = Debug|x64
		{743C3360-5F81-4ADC-8289-376FC5C592CD}.Debug|x64.Build.0 = Debug|x64
		{743C3360-5F81-4ADC-8289-376FC5C592CD}.Debug|x86.ActiveCfg = Debug|Win32
		{743C3360-5F81-4ADC-8289-376FC5C592CD}.Debug|x86.Build.0 = Debug|Win32
		{743C3360-5F81-4ADC-8289-376FC5C592CD}.Release|x64.ActiveCfg = Release|x64
		{743C3360-5F81-4ADC-8289-376FC5C592CD}.Release|x64.Build.0 = Release|x64
		{743C3360-5F81-4ADC-8289-376FC5C592CD}.Release|x86.ActiveCfg = Release|Win32
		{743C3360-5F81-4ADC-8289-376FC5C592CD}.Release|x86.Build.0 = Release|Win32
		{781E6797-BFD3-4397-9A73-60BEA03E6BF2}.Debug|x64.ActiveCfg = Debug|x64
		{781E6797-BFD3-4397-9A73-60BEA03E6BF2}.Debug|x64.Build.0 = Debug|x64
		{781E6797-BFD3-4397-9A73-60BEA03E6BF2}.Debug|x86.ActiveCfg = Debug|Win32
		{781E6797-BFD3-4397-9A73-60BEA03E6BF2}.Debug|x86.Build.0 = Debug|Win32
		{781E6797-BFD3-4397-9A73-60BEA03E6BF2}.Release|x64.ActiveCfg = Release|x64
		{781E6797-BFD3-4397-9A73-60BEA03E6BF2}.Release|x64.Build.0 = Release|x64
		{781E6797-BFD3-4397-9A73-60BEA03E6BF2}.Release|x86.ActiveCfg = Release|Win32
		{781E6797-BFD3-4397-9A73-60BEA03E6BF2}.Release|x86.Build.0 = Release|Win32
		{D67DE029-CD9F-41CB-BD85-AB85BAA7DADF}.Debug|x64.ActiveCfg = Debug|x64
		{D67DE029-CD9F-41CB-BD85-AB85BAA7DADF}.Debug|x64.Build.0 = Debug|x64
		{D67DE029-CD9F-41CB-BD85-AB85BAA7DADF}.Debug|x86.ActiveCfg = Debug|Win32
		{D67DE029-CD9F-41CB-BD85-AB85BAA7DADF}.Debug|x86.Build.0 = Debug|Win32
		{D67DE029-CD9F-41CB-BD85-AB85BAA7DADF}.Release|x64.ActiveCfg = Release|x64
		{D67DE029-CD9F-41CB-BD85-AB85BAA7DADF}.Release|x64.Build.0 = Release|x64
		{D67DE029-CD9F-41CB-BD85-AB85BAA7DADF}.Release|x86.ActiveCfg = Release|Win32
		{D67DE029-CD9F-41CB-BD85-AB85BAA7DADF}.Release|x86.Build.0 = Release|Win32
		{65472A28-4388-44C5-9F16-F3DA5E362201}.Debug|x64.ActiveCfg = Debug|x64
		{65472A28-4388-44C5-9F16-F3DA5E362201}.Debug|x64.Build.0 = Debug|x64
		{65472A28-4388-44C5-9F16-F3DA5E362201}.Debug|x86.ActiveCfg = Debug|Win32
		{65472A28-4388-44C5-9F16-F3DA5E362201}.Debug|x86.Build.0 = Debug|Win32
		{65472A28-4388-44C5-9F16-F3DA5E362201}.Release|x64.ActiveCfg = Release|x64
		{65472A28-4388-44C5-9F16-F3DA5E362201}.Release|x64.Build.0 = Release|x64
		{65472A28-4388-44C5-9F16-F3DA5E362201}.Release|x86.ActiveCfg = Release|Win32
		{65472A28-4388-44C5-9F16-F3DA5E362201}.Release|x86.Build.0 = Release|Win32
	EndGlobalSection
	GlobalSection(SolutionProperties) = preSolution
		HideSolutionNode = FALSE
	EndGlobalSection
	GlobalSection(ExtensibilityGlobals) = postSolution
		SolutionGuid = {DBB30E54-BE0A-4C38-86D9-F64D6C607F5F}
	EndGlobalSection
EndGlobal
